
Microsoft Visual Studio Solution File, Format Version 12.00
# Visual Studio 2013
VisualStudioVersion = 12.0.30501.0
MinimumVisualStudioVersion = 10.0.40219.1
Project("{FAE04EC0-301F-11D3-BF4B-00C04F79EFBC}") = "class2", "class2\class2.csproj", "{187A725F-F5D0-4C8E-BB38-C68EBADD84D6}"
EndProject
Project("{2150E333-8FDC-42A3-9474-1A3956D46DE8}") = "PublishScripts", "PublishScripts", "{680B4C28-4AFC-495B-AEB5-5A5539CB297D}"
	ProjectSection(SolutionItems) = preProject
		PublishScripts\AzureWebsitePublishModule.psm1 = PublishScripts\AzureWebsitePublishModule.psm1
		PublishScripts\Publish-WebApplicationWebsite.ps1 = PublishScripts\Publish-WebApplicationWebsite.ps1
	EndProjectSection
EndProject
Project("{2150E333-8FDC-42A3-9474-1A3956D46DE8}") = "Configurations", "Configurations", "{0FDD21F5-904A-436A-B13F-3DA480057DCB}"
	ProjectSection(SolutionItems) = preProject
		PublishScripts\Configurations\class2-WAWS-dev.json = PublishScripts\Configurations\class2-WAWS-dev.json
	EndProjectSection
EndProject
Project("{FAE04EC0-301F-11D3-BF4B-00C04F79EFBC}") = "nclass17", "..\nclass17\nclass17\nclass17.csproj", "{C3C8B112-2C3D-4B7B-9F88-8DCED88F7AD7}"
EndProject
Global
	GlobalSection(SolutionConfigurationPlatforms) = preSolution
		Debug|Any CPU = Debug|Any CPU
		Release|Any CPU = Release|Any CPU
	EndGlobalSection
	GlobalSection(ProjectConfigurationPlatforms) = postSolution
		{187A725F-F5D0-4C8E-BB38-C68EBADD84D6}.Debug|Any CPU.ActiveCfg = Debug|Any CPU
		{187A725F-F5D0-4C8E-BB38-C68EBADD84D6}.Debug|Any CPU.Build.0 = Debug|Any CPU
		{187A725F-F5D0-4C8E-BB38-C68EBADD84D6}.Release|Any CPU.ActiveCfg = Release|Any CPU
		{187A725F-F5D0-4C8E-BB38-C68EBADD84D6}.Release|Any CPU.Build.0 = Release|Any CPU
		{C3C8B112-2C3D-4B7B-9F88-8DCED88F7AD7}.Debug|Any CPU.ActiveCfg = Debug|Any CPU
		{C3C8B112-2C3D-4B7B-9F88-8DCED88F7AD7}.Debug|Any CPU.Build.0 = Debug|Any CPU
		{C3C8B112-2C3D-4B7B-9F88-8DCED88F7AD7}.Release|Any CPU.ActiveCfg = Release|Any CPU
		{C3C8B112-2C3D-4B7B-9F88-8DCED88F7AD7}.Release|Any CPU.Build.0 = Release|Any CPU
	EndGlobalSection
	GlobalSection(SolutionProperties) = preSolution
		HideSolutionNode = FALSE
	EndGlobalSection
	GlobalSection(NestedProjects) = preSolution
		{0FDD21F5-904A-436A-B13F-3DA480057DCB} = {680B4C28-4AFC-495B-AEB5-5A5539CB297D}
	EndGlobalSection
EndGlobal
